PODS:
  - Result (4.1.0)
  - ToznyHeimdallr (4.0.2):
    - ToznyHeimdallr/Core (= 4.0.2)
  - ToznyHeimdallr/Core (4.0.2):
    - Result (~> 4.1.0)
  - ToznySodium (0.10.0)
  - ToznySwish (5.0.1):
    - Result (~> 4.1)
  - Valet (3.2.8)

DEPENDENCIES:
  - ToznyHeimdallr (~> 4.0.2)
  - ToznySodium (~> 0.10.0)
  - ToznySwish (~> 5.0.1)
  - Valet (~> 3.1)

SPEC REPOS:
  trunk:
    - Result
    - ToznyHeimdallr
    - ToznySodium
    - ToznySwish
    - Valet

SPEC CHECKSUMS:
  Result: bd966fac789cc6c1563440b348ab2598cc24d5c7
  ToznyHeimdallr: 2ad31d8d84cd4b38feb60801b9fc5ccbcbba4103
  ToznySodium: f26032444b054e92f2c68b95d7b83a2955be0eed
  ToznySwish: fc16d6c90cc69d96a66644f4c3042240bbad24a5
  Valet: 16d0537d70db79d9ba953b9060b5da4fb8004e51

PODFILE CHECKSUM: bec8753ba9c437107bcbb9d5533b050329a03e9e

COCOAPODS: 1.11.3
