// !$*UTF8*$!
{
	archiveVersion = 1;
	classes = {
	};
	objectVersion = 46;
	objects = {

/* Begin PBXBuildFile section */
		2C5AE665208E54F4008F52C5 /* ViewController.swift in Sources */ = {isa = PBXBuildFile; fileRef = 2C5AE65D208E54F4008F52C5 /* ViewController.swift */; };
		2C5AE666208E54F4008F52C5 /* LaunchScreen.xib in Resources */ = {isa = PBXBuildFile; fileRef = 2C5AE65E208E54F4008F52C5 /* LaunchScreen.xib */; };
		2C5AE667208E54F4008F52C5 /* Main.storyboard in Resources */ = {isa = PBXBuildFile; fileRef = 2C5AE660208E54F4008F52C5 /* Main.storyboard */; };
		2C5AE668208E54F4008F52C5 /* Images.xcassets in Resources */ = {isa = PBXBuildFile; fileRef = 2C5AE662208E54F4008F52C5 /* Images.xcassets */; };
		2C5AE669208E54F4008F52C5 /* AppDelegate.swift in Sources */ = {isa = PBXBuildFile; fileRef = 2C5AE663208E54F4008F52C5 /* AppDelegate.swift */; };
		2CAF7AEF2085B1E00061397F /* BenchmarkTests.swift in Sources */ = {isa = PBXBuildFile; fileRef = 2CAF7AE92085B1DF0061397F /* BenchmarkTests.swift */; };
		2CAF7AF02085B1E00061397F /* PropertyTests.swift in Sources */ = {isa = PBXBuildFile; fileRef = 2CAF7AEA2085B1DF0061397F /* PropertyTests.swift */; };
		2CAF7AF12085B1E00061397F /* Data+Base64URL.swift in Sources */ = {isa = PBXBuildFile; fileRef = 2CAF7AEB2085B1DF0061397F /* Data+Base64URL.swift */; };
		2CAF7AF22085B1E00061397F /* DocumentTests.swift in Sources */ = {isa = PBXBuildFile; fileRef = 2CAF7AEC2085B1DF0061397F /* DocumentTests.swift */; };
		2CAF7AF32085B1E00061397F /* IntegrationTests.swift in Sources */ = {isa = PBXBuildFile; fileRef = 2CAF7AED2085B1DF0061397F /* IntegrationTests.swift */; };
		2CAF7AF42085B1E00061397F /* TestUtils.swift in Sources */ = {isa = PBXBuildFile; fileRef = 2CAF7AEE2085B1E00061397F /* TestUtils.swift */; };
		2CAF7B252085BEB50061397F /* E3db.framework in Frameworks */ = {isa = PBXBuildFile; fileRef = 2CAF7B242085BEB50061397F /* E3db.framework */; };
		2CD7817D20852FF2006D90D7 /* LICENSE.md in Resources */ = {isa = PBXBuildFile; fileRef = 2CD7817C20852FF2006D90D7 /* LICENSE.md */; };
		68875CFEA1AB12F80E8E231C /* Pods_E3db_Example.framework in Frameworks */ = {isa = PBXBuildFile; fileRef = 2CAF7AFD2085B9020061397F /* Pods_E3db_Example.framework */; };
		76BDCA6E845A8DC89DEFE413 /* Pods_E3db_Tests.framework in Frameworks */ = {isa = PBXBuildFile; fileRef = 1AF9C0CA897DE439F2391934 /* Pods_E3db_Tests.framework */; };
		BB9684648AA52AF646CC2E5B /* Pods_E3db_Example.framework in Frameworks */ = {isa = PBXBuildFile; fileRef = 261B9B0E0E7CDF9808E9C883 /* Pods_E3db_Example.framework */; };
/* End PBXBuildFile section */

/* Begin PBXContainerItemProxy section */
		607FACE61AFB9204008FA782 /* PBXContainerItemProxy */ = {
			isa = PBXContainerItemProxy;
			containerPortal = 607FACC81AFB9204008FA782 /* Project object */;
			proxyType = 1;
			remoteGlobalIDString = 607FACCF1AFB9204008FA782;
			remoteInfo = E3db;
		};
/* End PBXContainerItemProxy section */

/* Begin PBXFileReference section */
		1AF9C0CA897DE439F2391934 /* Pods_E3db_Tests.framework */ = {isa = PBXFileReference; explicitFileType = wrapper.framework; includeInIndex = 0; path = Pods_E3db_Tests.framework; sourceTree = BUILT_PRODUCTS_DIR; };
		261B9B0E0E7CDF9808E9C883 /* Pods_E3db_Example.framework */ = {isa = PBXFileReference; explicitFileType = wrapper.framework; includeInIndex = 0; path = Pods_E3db_Example.framework; sourceTree = BUILT_PRODUCTS_DIR; };
		2C5AE65D208E54F4008F52C5 /* ViewController.swift */ = {isa = PBXFileReference; fileEncoding = 4; lastKnownFileType = sourcecode.swift; path = ViewController.swift; sourceTree = "<group>"; };
		2C5AE65F208E54F4008F52C5 /* Base */ = {isa = PBXFileReference; lastKnownFileType = file.xib; name = Base; path = Base.lproj/LaunchScreen.xib; sourceTree = "<group>"; };
		2C5AE661208E54F4008F52C5 /* Base */ = {isa = PBXFileReference; lastKnownFileType = file.storyboard; name = Base; path = Base.lproj/Main.storyboard; sourceTree = "<group>"; };
		2C5AE662208E54F4008F52C5 /* Images.xcassets */ = {isa = PBXFileReference; lastKnownFileType = folder.assetcatalog; path = Images.xcassets; sourceTree = "<group>"; };
		2C5AE663208E54F4008F52C5 /* AppDelegate.swift */ = {isa = PBXFileReference; fileEncoding = 4; lastKnownFileType = sourcecode.swift; path = AppDelegate.swift; sourceTree = "<group>"; };
		2C5AE664208E54F4008F52C5 /* Info.plist */ = {isa = PBXFileReference; fileEncoding = 4; lastKnownFileType = text.plist.xml; path = Info.plist; sourceTree = "<group>"; };
		2CAF7AE92085B1DF0061397F /* BenchmarkTests.swift */ = {isa = PBXFileReference; fileEncoding = 4; lastKnownFileType = sourcecode.swift; path = BenchmarkTests.swift; sourceTree = "<group>"; };
		2CAF7AEA2085B1DF0061397F /* PropertyTests.swift */ = {isa = PBXFileReference; fileEncoding = 4; lastKnownFileType = sourcecode.swift; path = PropertyTests.swift; sourceTree = "<group>"; };
		2CAF7AEB2085B1DF0061397F /* Data+Base64URL.swift */ = {isa = PBXFileReference; fileEncoding = 4; lastKnownFileType = sourcecode.swift; path = "Data+Base64URL.swift"; sourceTree = "<group>"; };
		2CAF7AEC2085B1DF0061397F /* DocumentTests.swift */ = {isa = PBXFileReference; fileEncoding = 4; lastKnownFileType = sourcecode.swift; path = DocumentTests.swift; sourceTree = "<group>"; };
		2CAF7AED2085B1DF0061397F /* IntegrationTests.swift */ = {isa = PBXFileReference; fileEncoding = 4; lastKnownFileType = sourcecode.swift; path = IntegrationTests.swift; sourceTree = "<group>"; };
		2CAF7AEE2085B1E00061397F /* TestUtils.swift */ = {isa = PBXFileReference; fileEncoding = 4; lastKnownFileType = sourcecode.swift; path = TestUtils.swift; sourceTree = "<group>"; };
		2CAF7AFD2085B9020061397F /* Pods_E3db_Example.framework */ = {isa = PBXFileReference; explicitFileType = wrapper.framework; path = Pods_E3db_Example.framework; sourceTree = BUILT_PRODUCTS_DIR; };
		2CAF7B242085BEB50061397F /* E3db.framework */ = {isa = PBXFileReference; explicitFileType = wrapper.framework; path = E3db.framework; sourceTree = BUILT_PRODUCTS_DIR; };
		2CD7817C20852FF2006D90D7 /* LICENSE.md */ = {isa = PBXFileReference; fileEncoding = 4; lastKnownFileType = net.daringfireball.markdown; name = LICENSE.md; path = ../LICENSE.md; sourceTree = "<group>"; };
		2DEFF3E826F71F3240D61C46 /* E3db.podspec */ = {isa = PBXFileReference; includeInIndex = 1; lastKnownFileType = text; name = E3db.podspec; path = ../E3db.podspec; sourceTree = "<group>"; xcLanguageSpecificationIdentifier = xcode.lang.ruby; };
		33B5C8031907EA92607C21D4 /* Pods-E3db_Tests.debug.xcconfig */ = {isa = PBXFileReference; includeInIndex = 1; lastKnownFileType = text.xcconfig; name = "Pods-E3db_Tests.debug.xcconfig"; path = "Pods/Target Support Files/Pods-E3db_Tests/Pods-E3db_Tests.debug.xcconfig"; sourceTree = "<group>"; };
		607FACD01AFB9204008FA782 /* E3db_Example.app */ = {isa = PBXFileReference; explicitFileType = wrapper.application; includeInIndex = 0; path = E3db_Example.app; sourceTree = BUILT_PRODUCTS_DIR; };
		607FACE51AFB9204008FA782 /* E3db_Tests.xctest */ = {isa = PBXFileReference; explicitFileType = wrapper.cfbundle; includeInIndex = 0; path = E3db_Tests.xctest; sourceTree = BUILT_PRODUCTS_DIR; };
		607FACEA1AFB9204008FA782 /* Info.plist */ = {isa = PBXFileReference; lastKnownFileType = text.plist.xml; path = Info.plist; sourceTree = "<group>"; };
		A1A281EEDC585E91CA654CAB /* README.md */ = {isa = PBXFileReference; includeInIndex = 1; lastKnownFileType = net.daringfireball.markdown; name = README.md; path = ../README.md; sourceTree = "<group>"; };
		C102D2597A543F970A250564 /* Pods-E3db_Example.release.xcconfig */ = {isa = PBXFileReference; includeInIndex = 1; lastKnownFileType = text.xcconfig; name = "Pods-E3db_Example.release.xcconfig"; path = "Pods/Target Support Files/Pods-E3db_Example/Pods-E3db_Example.release.xcconfig"; sourceTree = "<group>"; };
		F6DB5644EB9040BC43F0EF14 /* Pods-E3db_Example.debug.xcconfig */ = {isa = PBXFileReference; includeInIndex = 1; lastKnownFileType = text.xcconfig; name = "Pods-E3db_Example.debug.xcconfig"; path = "Pods/Target Support Files/Pods-E3db_Example/Pods-E3db_Example.debug.xcconfig"; sourceTree = "<group>"; };
		FE0F909F963B98A8C49971F9 /* Pods-E3db_Tests.release.xcconfig */ = {isa = PBXFileReference; includeInIndex = 1; lastKnownFileType = text.xcconfig; name = "Pods-E3db_Tests.release.xcconfig"; path = "Pods/Target Support Files/Pods-E3db_Tests/Pods-E3db_Tests.release.xcconfig"; sourceTree = "<group>"; };
/* End PBXFileReference section */

/* Begin PBXFrameworksBuildPhase section */
		607FACCD1AFB9204008FA782 /* Frameworks */ = {
			isa = PBXFrameworksBuildPhase;
			buildActionMask = 2147483647;
			files = (
				BB9684648AA52AF646CC2E5B /* Pods_E3db_Example.framework in Frameworks */,
				68875CFEA1AB12F80E8E231C /* Pods_E3db_Example.framework in Frameworks */,
			);
			runOnlyForDeploymentPostprocessing = 0;
		};
		607FACE21AFB9204008FA782 /* Frameworks */ = {
			isa = PBXFrameworksBuildPhase;
			buildActionMask = 2147483647;
			files = (
				2CAF7B252085BEB50061397F /* E3db.framework in Frameworks */,
				76BDCA6E845A8DC89DEFE413 /* Pods_E3db_Tests.framework in Frameworks */,
			);
			runOnlyForDeploymentPostprocessing = 0;
		};
/* End PBXFrameworksBuildPhase section */

/* Begin PBXGroup section */
		2C5AE65C208E54F4008F52C5 /* E3db-Example */ = {
			isa = PBXGroup;
			children = (
				2C5AE65D208E54F4008F52C5 /* ViewController.swift */,
				2C5AE65E208E54F4008F52C5 /* LaunchScreen.xib */,
				2C5AE660208E54F4008F52C5 /* Main.storyboard */,
				2C5AE662208E54F4008F52C5 /* Images.xcassets */,
				2C5AE663208E54F4008F52C5 /* AppDelegate.swift */,
				2C5AE664208E54F4008F52C5 /* Info.plist */,
			);
			path = "E3db-Example";
			sourceTree = "<group>";
		};
		607FACC71AFB9204008FA782 = {
			isa = PBXGroup;
			children = (
				2C5AE65C208E54F4008F52C5 /* E3db-Example */,
				607FACF51AFB993E008FA782 /* Podspec Metadata */,
				607FACE81AFB9204008FA782 /* Tests */,
				607FACD11AFB9204008FA782 /* Products */,
				D798275407DD9A489BE58A0E /* Pods */,
				65581BEEBE62ACC984999ADB /* Frameworks */,
			);
			sourceTree = "<group>";
		};
		607FACD11AFB9204008FA782 /* Products */ = {
			isa = PBXGroup;
			children = (
				607FACD01AFB9204008FA782 /* E3db_Example.app */,
				607FACE51AFB9204008FA782 /* E3db_Tests.xctest */,
			);
			name = Products;
			sourceTree = "<group>";
		};
		607FACE81AFB9204008FA782 /* Tests */ = {
			isa = PBXGroup;
			children = (
				2CAF7AE92085B1DF0061397F /* BenchmarkTests.swift */,
				2CAF7AEB2085B1DF0061397F /* Data+Base64URL.swift */,
				2CAF7AEC2085B1DF0061397F /* DocumentTests.swift */,
				2CAF7AED2085B1DF0061397F /* IntegrationTests.swift */,
				2CAF7AEA2085B1DF0061397F /* PropertyTests.swift */,
				2CAF7AEE2085B1E00061397F /* TestUtils.swift */,
				607FACE91AFB9204008FA782 /* Supporting Files */,
			);
			path = Tests;
			sourceTree = "<group>";
		};
		607FACE91AFB9204008FA782 /* Supporting Files */ = {
			isa = PBXGroup;
			children = (
				607FACEA1AFB9204008FA782 /* Info.plist */,
			);
			name = "Supporting Files";
			sourceTree = "<group>";
		};
		607FACF51AFB993E008FA782 /* Podspec Metadata */ = {
			isa = PBXGroup;
			children = (
				2DEFF3E826F71F3240D61C46 /* E3db.podspec */,
				A1A281EEDC585E91CA654CAB /* README.md */,
				2CD7817C20852FF2006D90D7 /* LICENSE.md */,
			);
			name = "Podspec Metadata";
			sourceTree = "<group>";
		};
		65581BEEBE62ACC984999ADB /* Frameworks */ = {
			isa = PBXGroup;
			children = (
				2CAF7B242085BEB50061397F /* E3db.framework */,
				2CAF7AFD2085B9020061397F /* Pods_E3db_Example.framework */,
				261B9B0E0E7CDF9808E9C883 /* Pods_E3db_Example.framework */,
				1AF9C0CA897DE439F2391934 /* Pods_E3db_Tests.framework */,
			);
			name = Frameworks;
			sourceTree = "<group>";
		};
		D798275407DD9A489BE58A0E /* Pods */ = {
			isa = PBXGroup;
			children = (
				F6DB5644EB9040BC43F0EF14 /* Pods-E3db_Example.debug.xcconfig */,
				C102D2597A543F970A250564 /* Pods-E3db_Example.release.xcconfig */,
				33B5C8031907EA92607C21D4 /* Pods-E3db_Tests.debug.xcconfig */,
				FE0F909F963B98A8C49971F9 /* Pods-E3db_Tests.release.xcconfig */,
			);
			name = Pods;
			sourceTree = "<group>";
		};
/* End PBXGroup section */

/* Begin PBXNativeTarget section */
		607FACCF1AFB9204008FA782 /* E3db_Example */ = {
			isa = PBXNativeTarget;
			buildConfigurationList = 607FACEF1AFB9204008FA782 /* Build configuration list for PBXNativeTarget "E3db_Example" */;
			buildPhases = (
				B910CE55EC6F7278E6295D85 /* [CP] Check Pods Manifest.lock */,
				607FACCC1AFB9204008FA782 /* Sources */,
				607FACCD1AFB9204008FA782 /* Frameworks */,
				607FACCE1AFB9204008FA782 /* Resources */,
				55EF1A2681063C0F4D9F9926 /* [CP] Embed Pods Frameworks */,
				2C8B5B93208A61FE0039FF01 /* Swift Lint */,
			);
			buildRules = (
			);
			dependencies = (
			);
			name = E3db_Example;
			productName = E3db;
			productReference = 607FACD01AFB9204008FA782 /* E3db_Example.app */;
			productType = "com.apple.product-type.application";
		};
		607FACE41AFB9204008FA782 /* E3db_Tests */ = {
			isa = PBXNativeTarget;
			buildConfigurationList = 607FACF21AFB9204008FA782 /* Build configuration list for PBXNativeTarget "E3db_Tests" */;
			buildPhases = (
				38AF1D3E1220786D44430E4A /* [CP] Check Pods Manifest.lock */,
				607FACE11AFB9204008FA782 /* Sources */,
				607FACE21AFB9204008FA782 /* Frameworks */,
				607FACE31AFB9204008FA782 /* Resources */,
				566B14F328A344EB4AA46374 /* [CP] Embed Pods Frameworks */,
			);
			buildRules = (
			);
			dependencies = (
				607FACE71AFB9204008FA782 /* PBXTargetDependency */,
			);
			name = E3db_Tests;
			productName = Tests;
			productReference = 607FACE51AFB9204008FA782 /* E3db_Tests.xctest */;
			productType = "com.apple.product-type.bundle.unit-test";
		};
/* End PBXNativeTarget section */

/* Begin PBXProject section */
		607FACC81AFB9204008FA782 /* Project object */ = {
			isa = PBXProject;
			attributes = {
				LastSwiftUpdateCheck = 0830;
				LastUpgradeCheck = 0930;
				ORGANIZATIONNAME = CocoaPods;
				TargetAttributes = {
					607FACCF1AFB9204008FA782 = {
						CreatedOnToolsVersion = 6.3.1;
						DevelopmentTeam = 97LZRZ7U3B;
						LastSwiftMigration = 0900;
					};
					607FACE41AFB9204008FA782 = {
						CreatedOnToolsVersion = 6.3.1;
						DevelopmentTeam = 97LZRZ7U3B;
						LastSwiftMigration = 0930;
						TestTargetID = 607FACCF1AFB9204008FA782;
					};
				};
			};
			buildConfigurationList = 607FACCB1AFB9204008FA782 /* Build configuration list for PBXProject "E3db-Example" */;
			compatibilityVersion = "Xcode 3.2";
			developmentRegion = English;
			hasScannedForEncodings = 0;
			knownRegions = (
				en,
				Base,
			);
			mainGroup = 607FACC71AFB9204008FA782;
			productRefGroup = 607FACD11AFB9204008FA782 /* Products */;
			projectDirPath = "";
			projectRoot = "";
			targets = (
				607FACCF1AFB9204008FA782 /* E3db_Example */,
				607FACE41AFB9204008FA782 /* E3db_Tests */,
			);
		};
/* End PBXProject section */

/* Begin PBXResourcesBuildPhase section */
		607FACCE1AFB9204008FA782 /* Resources */ = {
			isa = PBXResourcesBuildPhase;
			buildActionMask = 2147483647;
			files = (
				2C5AE667208E54F4008F52C5 /* Main.storyboard in Resources */,
				2C5AE668208E54F4008F52C5 /* Images.xcassets in Resources */,
				2C5AE666208E54F4008F52C5 /* LaunchScreen.xib in Resources */,
				2CD7817D20852FF2006D90D7 /* LICENSE.md in Resources */,
			);
			runOnlyForDeploymentPostprocessing = 0;
		};
		607FACE31AFB9204008FA782 /* Resources */ = {
			isa = PBXResourcesBuildPhase;
			buildActionMask = 2147483647;
			files = (
			);
			runOnlyForDeploymentPostprocessing = 0;
		};
/* End PBXResourcesBuildPhase section */

/* Begin PBXShellScriptBuildPhase section */
		2C8B5B93208A61FE0039FF01 /* Swift Lint */ = {
			isa = PBXShellScriptBuildPhase;
			buildActionMask = 2147483647;
			files = (
			);
			inputPaths = (
			);
			name = "Swift Lint";
			outputPaths = (
			);
			runOnlyForDeploymentPostprocessing = 0;
			shellPath = /bin/sh;
			shellScript = "if which /usr/local/bin/swiftlint >/dev/null; then\n/usr/local/bin/swiftlint --config ${SRCROOT}/../.swiftlint.yml --path ${SRCROOT}/../E3db/Classes/\nelse\n    echo \"warning: SwiftLint not installed, download from https://github.com/realm/SwiftLint\"\nfi";
		};
		38AF1D3E1220786D44430E4A /* [CP] Check Pods Manifest.lock */ = {
			isa = PBXShellScriptBuildPhase;
			buildActionMask = 2147483647;
			files = (
			);
			inputPaths = (
				"${PODS_PODFILE_DIR_PATH}/Podfile.lock",
				"${PODS_ROOT}/Manifest.lock",
			);
			name = "[CP] Check Pods Manifest.lock";
			outputPaths = (
				"$(DERIVED_FILE_DIR)/Pods-E3db_Tests-checkManifestLockResult.txt",
			);
			runOnlyForDeploymentPostprocessing = 0;
			shellPath = /bin/sh;
			shellScript = "diff \"${PODS_PODFILE_DIR_PATH}/Podfile.lock\" \"${PODS_ROOT}/Manifest.lock\" > /dev/null\nif [ $? != 0 ] ; then\n    # print error to STDERR\n    echo \"error: The sandbox is not in sync with the Podfile.lock. Run 'pod install' or update your CocoaPods installation.\" >&2\n    exit 1\nfi\n# This output is used by Xcode 'outputs' to avoid re-running this script phase.\necho \"SUCCESS\" > \"${SCRIPT_OUTPUT_FILE_0}\"\n";
			showEnvVarsInLog = 0;
		};
		55EF1A2681063C0F4D9F9926 /* [CP] Embed Pods Frameworks */ = {
			isa = PBXShellScriptBuildPhase;
			buildActionMask = 2147483647;
			files = (
			);
			inputPaths = (
				"${SRCROOT}/Pods/Target Support Files/Pods-E3db_Example/Pods-E3db_Example-frameworks.sh",
				"${BUILT_PRODUCTS_DIR}/E3db/E3db.framework",
				"${BUILT_PRODUCTS_DIR}/Heimdallr/Heimdallr.framework",
				"${BUILT_PRODUCTS_DIR}/Result/Result.framework",
				"${BUILT_PRODUCTS_DIR}/Sodium/Sodium.framework",
				"${BUILT_PRODUCTS_DIR}/Swish/Swish.framework",
				"${BUILT_PRODUCTS_DIR}/Valet/Valet.framework",
			);
			name = "[CP] Embed Pods Frameworks";
			outputPaths = (
				"${TARGET_BUILD_DIR}/${FRAMEWORKS_FOLDER_PATH}/E3db.framework",
				"${TARGET_BUILD_DIR}/${FRAMEWORKS_FOLDER_PATH}/Heimdallr.framework",
				"${TARGET_BUILD_DIR}/${FRAMEWORKS_FOLDER_PATH}/Result.framework",
				"${TARGET_BUILD_DIR}/${FRAMEWORKS_FOLDER_PATH}/Sodium.framework",
				"${TARGET_BUILD_DIR}/${FRAMEWORKS_FOLDER_PATH}/Swish.framework",
				"${TARGET_BUILD_DIR}/${FRAMEWORKS_FOLDER_PATH}/Valet.framework",
			);
			runOnlyForDeploymentPostprocessing = 0;
			shellPath = /bin/sh;
			shellScript = "\"${SRCROOT}/Pods/Target Support Files/Pods-E3db_Example/Pods-E3db_Example-frameworks.sh\"\n";
			showEnvVarsInLog = 0;
		};
		566B14F328A344EB4AA46374 /* [CP] Embed Pods Frameworks */ = {
			isa = PBXShellScriptBuildPhase;
			buildActionMask = 2147483647;
			files = (
			);
			inputPaths = (
				"${SRCROOT}/Pods/Target Support Files/Pods-E3db_Tests/Pods-E3db_Tests-frameworks.sh",
				"${BUILT_PRODUCTS_DIR}/E3db/E3db.framework",
				"${BUILT_PRODUCTS_DIR}/Heimdallr/Heimdallr.framework",
				"${BUILT_PRODUCTS_DIR}/Result/Result.framework",
				"${BUILT_PRODUCTS_DIR}/Sodium/Sodium.framework",
				"${BUILT_PRODUCTS_DIR}/Swish/Swish.framework",
				"${BUILT_PRODUCTS_DIR}/Valet/Valet.framework",
				"${BUILT_PRODUCTS_DIR}/ResponseDetective/ResponseDetective.framework",
				"${BUILT_PRODUCTS_DIR}/SwiftCheck/SwiftCheck.framework",
			);
			name = "[CP] Embed Pods Frameworks";
			outputPaths = (
				"${TARGET_BUILD_DIR}/${FRAMEWORKS_FOLDER_PATH}/E3db.framework",
				"${TARGET_BUILD_DIR}/${FRAMEWORKS_FOLDER_PATH}/Heimdallr.framework",
				"${TARGET_BUILD_DIR}/${FRAMEWORKS_FOLDER_PATH}/Result.framework",
				"${TARGET_BUILD_DIR}/${FRAMEWORKS_FOLDER_PATH}/Sodium.framework",
				"${TARGET_BUILD_DIR}/${FRAMEWORKS_FOLDER_PATH}/Swish.framework",
				"${TARGET_BUILD_DIR}/${FRAMEWORKS_FOLDER_PATH}/Valet.framework",
				"${TARGET_BUILD_DIR}/${FRAMEWORKS_FOLDER_PATH}/ResponseDetective.framework",
				"${TARGET_BUILD_DIR}/${FRAMEWORKS_FOLDER_PATH}/SwiftCheck.framework",
			);
			runOnlyForDeploymentPostprocessing = 0;
			shellPath = /bin/sh;
			shellScript = "\"${SRCROOT}/Pods/Target Support Files/Pods-E3db_Tests/Pods-E3db_Tests-frameworks.sh\"\n";
			showEnvVarsInLog = 0;
		};
		B910CE55EC6F7278E6295D85 /* [CP] Check Pods Manifest.lock */ = {
			isa = PBXShellScriptBuildPhase;
			buildActionMask = 2147483647;
			files = (
			);
			inputPaths = (
				"${PODS_PODFILE_DIR_PATH}/Podfile.lock",
				"${PODS_ROOT}/Manifest.lock",
			);
			name = "[CP] Check Pods Manifest.lock";
			outputPaths = (
				"$(DERIVED_FILE_DIR)/Pods-E3db_Example-checkManifestLockResult.txt",
			);
			runOnlyForDeploymentPostprocessing = 0;
			shellPath = /bin/sh;
			shellScript = "diff \"${PODS_PODFILE_DIR_PATH}/Podfile.lock\" \"${PODS_ROOT}/Manifest.lock\" > /dev/null\nif [ $? != 0 ] ; then\n    # print error to STDERR\n    echo \"error: The sandbox is not in sync with the Podfile.lock. Run 'pod install' or update your CocoaPods installation.\" >&2\n    exit 1\nfi\n# This output is used by Xcode 'outputs' to avoid re-running this script phase.\necho \"SUCCESS\" > \"${SCRIPT_OUTPUT_FILE_0}\"\n";
			showEnvVarsInLog = 0;
		};
/* End PBXShellScriptBuildPhase section */

/* Begin PBXSourcesBuildPhase section */
		607FACCC1AFB9204008FA782 /* Sources */ = {
			isa = PBXSourcesBuildPhase;
			buildActionMask = 2147483647;
			files = (
				2C5AE669208E54F4008F52C5 /* AppDelegate.swift in Sources */,
				2C5AE665208E54F4008F52C5 /* ViewController.swift in Sources */,
			);
			runOnlyForDeploymentPostprocessing = 0;
		};
		607FACE11AFB9204008FA782 /* Sources */ = {
			isa = PBXSourcesBuildPhase;
			buildActionMask = 2147483647;
			files = (
				2CAF7AF22085B1E00061397F /* DocumentTests.swift in Sources */,
				2CAF7AF42085B1E00061397F /* TestUtils.swift in Sources */,
				2CAF7AF02085B1E00061397F /* PropertyTests.swift in Sources */,
				2CAF7AF32085B1E00061397F /* IntegrationTests.swift in Sources */,
				2CAF7AF12085B1E00061397F /* Data+Base64URL.swift in Sources */,
				2CAF7AEF2085B1E00061397F /* BenchmarkTests.swift in Sources */,
			);
			runOnlyForDeploymentPostprocessing = 0;
		};
/* End PBXSourcesBuildPhase section */

/* Begin PBXTargetDependency section */
		607FACE71AFB9204008FA782 /* PBXTargetDependency */ = {
			isa = PBXTargetDependency;
			target = 607FACCF1AFB9204008FA782 /* E3db_Example */;
			targetProxy = 607FACE61AFB9204008FA782 /* PBXContainerItemProxy */;
		};
/* End PBXTargetDependency section */

/* Begin PBXVariantGroup section */
		2C5AE65E208E54F4008F52C5 /* LaunchScreen.xib */ = {
			isa = PBXVariantGroup;
			children = (
				2C5AE65F208E54F4008F52C5 /* Base */,
			);
			name = LaunchScreen.xib;
			sourceTree = "<group>";
		};
		2C5AE660208E54F4008F52C5 /* Main.storyboard */ = {
			isa = PBXVariantGroup;
			children = (
				2C5AE661208E54F4008F52C5 /* Base */,
			);
			name = Main.storyboard;
			sourceTree = "<group>";
		};
/* End PBXVariantGroup section */

/* Begin XCBuildConfiguration section */
		607FACED1AFB9204008FA782 /* Debug */ = {
			isa = XCBuildConfiguration;
			buildSettings = {
				ALWAYS_SEARCH_USER_PATHS = NO;
				CLANG_CXX_LANGUAGE_STANDARD = "gnu++0x";
				CLANG_CXX_LIBRARY = "libc++";
				CLANG_ENABLE_MODULES = YES;
				CLANG_ENABLE_OBJC_ARC = YES;
				CLANG_WARN_BLOCK_CAPTURE_AUTORELEASING = YES;
				CLANG_WARN_BOOL_CONVERSION = YES;
				CLANG_WARN_COMMA = YES;
				CLANG_WARN_CONSTANT_CONVERSION = YES;
				CLANG_WARN_DEPRECATED_OBJC_IMPLEMENTATIONS = YES;
				CLANG_WARN_DIRECT_OBJC_ISA_USAGE = YES_ERROR;
				CLANG_WARN_EMPTY_BODY = YES;
				CLANG_WARN_ENUM_CONVERSION = YES;
				CLANG_WARN_INFINITE_RECURSION = YES;
				CLANG_WARN_INT_CONVERSION = YES;
				CLANG_WARN_NON_LITERAL_NULL_CONVERSION = YES;
				CLANG_WARN_OBJC_IMPLICIT_RETAIN_SELF = YES;
				CLANG_WARN_OBJC_LITERAL_CONVERSION = YES;
				CLANG_WARN_OBJC_ROOT_CLASS = YES_ERROR;
				CLANG_WARN_RANGE_LOOP_ANALYSIS = YES;
				CLANG_WARN_STRICT_PROTOTYPES = YES;
				CLANG_WARN_SUSPICIOUS_MOVE = YES;
				CLANG_WARN_UNREACHABLE_CODE = YES;
				CLANG_WARN__DUPLICATE_METHOD_MATCH = YES;
				"CODE_SIGN_IDENTITY[sdk=iphoneos*]" = "iPhone Developer";
				COPY_PHASE_STRIP = NO;
				DEBUG_INFORMATION_FORMAT = "dwarf-with-dsym";
				ENABLE_STRICT_OBJC_MSGSEND = YES;
				ENABLE_TESTABILITY = YES;
				GCC_C_LANGUAGE_STANDARD = gnu99;
				GCC_DYNAMIC_NO_PIC = NO;
				GCC_NO_COMMON_BLOCKS = YES;
				GCC_OPTIMIZATION_LEVEL = 0;
				GCC_PREPROCESSOR_DEFINITIONS = (
					"DEBUG=1",
					"$(inherited)",
				);
				GCC_SYMBOLS_PRIVATE_EXTERN = NO;
				GCC_TREAT_INCOMPATIBLE_POINTER_TYPE_WARNINGS_AS_ERRORS = YES;
				GCC_TREAT_WARNINGS_AS_ERRORS = YES;
				GCC_WARN_64_TO_32_BIT_CONVERSION = YES;
				GCC_WARN_ABOUT_RETURN_TYPE = YES_ERROR;
				GCC_WARN_UNDECLARED_SELECTOR = YES;
				GCC_WARN_UNINITIALIZED_AUTOS = YES_AGGRESSIVE;
				GCC_WARN_UNUSED_FUNCTION = YES;
				GCC_WARN_UNUSED_VARIABLE = YES;
				IPHONEOS_DEPLOYMENT_TARGET = 9.3;
				MTL_ENABLE_DEBUG_INFO = YES;
				ONLY_ACTIVE_ARCH = YES;
				SDKROOT = iphoneos;
				SWIFT_OPTIMIZATION_LEVEL = "-Onone";
				SWIFT_TREAT_WARNINGS_AS_ERRORS = YES;
				SWIFT_VERSION = 4.0;
			};
			name = Debug;
		};
		607FACEE1AFB9204008FA782 /* Release */ = {
			isa = XCBuildConfiguration;
			buildSettings = {
				ALWAYS_SEARCH_USER_PATHS = NO;
				CLANG_CXX_LANGUAGE_STANDARD = "gnu++0x";
				CLANG_CXX_LIBRARY = "libc++";
				CLANG_ENABLE_MODULES = YES;
				CLANG_ENABLE_OBJC_ARC = YES;
				CLANG_WARN_BLOCK_CAPTURE_AUTORELEASING = YES;
				CLANG_WARN_BOOL_CONVERSION = YES;
				CLANG_WARN_COMMA = YES;
				CLANG_WARN_CONSTANT_CONVERSION = YES;
				CLANG_WARN_DEPRECATED_OBJC_IMPLEMENTATIONS = YES;
				CLANG_WARN_DIRECT_OBJC_ISA_USAGE = YES_ERROR;
				CLANG_WARN_EMPTY_BODY = YES;
				CLANG_WARN_ENUM_CONVERSION = YES;
				CLANG_WARN_INFINITE_RECURSION = YES;
				CLANG_WARN_INT_CONVERSION = YES;
				CLANG_WARN_NON_LITERAL_NULL_CONVERSION = YES;
				CLANG_WARN_OBJC_IMPLICIT_RETAIN_SELF = YES;
				CLANG_WARN_OBJC_LITERAL_CONVERSION = YES;
				CLANG_WARN_OBJC_ROOT_CLASS = YES_ERROR;
				CLANG_WARN_RANGE_LOOP_ANALYSIS = YES;
				CLANG_WARN_STRICT_PROTOTYPES = YES;
				CLANG_WARN_SUSPICIOUS_MOVE = YES;
				CLANG_WARN_UNREACHABLE_CODE = YES;
				CLANG_WARN__DUPLICATE_METHOD_MATCH = YES;
				"CODE_SIGN_IDENTITY[sdk=iphoneos*]" = "iPhone Developer";
				COPY_PHASE_STRIP = NO;
				DEBUG_INFORMATION_FORMAT = "dwarf-with-dsym";
				ENABLE_NS_ASSERTIONS = NO;
				ENABLE_STRICT_OBJC_MSGSEND = YES;
				GCC_C_LANGUAGE_STANDARD = gnu99;
				GCC_NO_COMMON_BLOCKS = YES;
				GCC_TREAT_INCOMPATIBLE_POINTER_TYPE_WARNINGS_AS_ERRORS = YES;
				GCC_TREAT_WARNINGS_AS_ERRORS = YES;
				GCC_WARN_64_TO_32_BIT_CONVERSION = YES;
				GCC_WARN_ABOUT_RETURN_TYPE = YES_ERROR;
				GCC_WARN_UNDECLARED_SELECTOR = YES;
				GCC_WARN_UNINITIALIZED_AUTOS = YES_AGGRESSIVE;
				GCC_WARN_UNUSED_FUNCTION = YES;
				GCC_WARN_UNUSED_VARIABLE = YES;
				IPHONEOS_DEPLOYMENT_TARGET = 9.3;
				MTL_ENABLE_DEBUG_INFO = NO;
				SDKROOT = iphoneos;
				SWIFT_OPTIMIZATION_LEVEL = "-Owholemodule";
				SWIFT_TREAT_WARNINGS_AS_ERRORS = YES;
				SWIFT_VERSION = 4.0;
				VALIDATE_PRODUCT = YES;
			};
			name = Release;
		};
		607FACF01AFB9204008FA782 /* Debug */ = {
			isa = XCBuildConfiguration;
			baseConfigurationReference = F6DB5644EB9040BC43F0EF14 /* Pods-E3db_Example.debug.xcconfig */;
			buildSettings = {
				ASSETCATALOG_COMPILER_APPICON_NAME = AppIcon;
				DEVELOPMENT_TEAM = 97LZRZ7U3B;
				EXCLUDED_RECURSIVE_SEARCH_PATH_SUBDIRECTORIES = "*.nib *.lproj *.framework *.gch *.xcode* *.xcassets (*) .DS_Store CVS .svn .git .hg *.pbproj *.pbxproj";
				EXCLUDED_SOURCE_FILE_NAMES = "";
				FRAMEWORK_SEARCH_PATHS = (
					"\"${PODS_CONFIGURATION_BUILD_DIR}/E3db\"",
					"\"${PODS_CONFIGURATION_BUILD_DIR}/Heimdallr\"",
					"\"${PODS_CONFIGURATION_BUILD_DIR}/ResponseDetective\"",
					"\"${PODS_CONFIGURATION_BUILD_DIR}/Result\"",
					"\"${PODS_CONFIGURATION_BUILD_DIR}/Swish\"",
					"\"${PODS_CONFIGURATION_BUILD_DIR}/Valet\"",
					"$(inherited)",
					"\"${PODS_CONFIGURATION_BUILD_DIR}/Sodium\"",
				);
				INFOPLIST_FILE = "E3db-Example/Info.plist";
				IPHONEOS_DEPLOYMENT_TARGET = 9.0;
				LD_RUNPATH_SEARCH_PATHS = "@executable_path/Frameworks $(inherited)";
				MODULE_NAME = ExampleApp;
				PRODUCT_BUNDLE_IDENTIFIER = "com.tozny.E3db-Example";
				PRODUCT_NAME = "$(TARGET_NAME)";
				SWIFT_SWIFT3_OBJC_INFERENCE = Default;
				SWIFT_VERSION = 4.0;
			};
			name = Debug;
		};
		607FACF11AFB9204008FA782 /* Release */ = {
			isa = XCBuildConfiguration;
			baseConfigurationReference = C102D2597A543F970A250564 /* Pods-E3db_Example.release.xcconfig */;
			buildSettings = {
				ASSETCATALOG_COMPILER_APPICON_NAME = AppIcon;
				DEVELOPMENT_TEAM = 97LZRZ7U3B;
				EXCLUDED_RECURSIVE_SEARCH_PATH_SUBDIRECTORIES = "*.nib *.lproj *.framework *.gch *.xcode* *.xcassets (*) .DS_Store CVS .svn .git .hg *.pbproj *.pbxproj";
				EXCLUDED_SOURCE_FILE_NAMES = "";
				FRAMEWORK_SEARCH_PATHS = (
					"\"${PODS_CONFIGURATION_BUILD_DIR}/E3db\"",
					"\"${PODS_CONFIGURATION_BUILD_DIR}/Heimdallr\"",
					"\"${PODS_CONFIGURATION_BUILD_DIR}/ResponseDetective\"",
					"\"${PODS_CONFIGURATION_BUILD_DIR}/Result\"",
					"\"${PODS_CONFIGURATION_BUILD_DIR}/Swish\"",
					"\"${PODS_CONFIGURATION_BUILD_DIR}/Valet\"",
					"$(inherited)",
					"\"${PODS_CONFIGURATION_BUILD_DIR}/Sodium\"",
				);
				INFOPLIST_FILE = "E3db-Example/Info.plist";
				IPHONEOS_DEPLOYMENT_TARGET = 9.0;
				LD_RUNPATH_SEARCH_PATHS = "@executable_path/Frameworks $(inherited)";
				MODULE_NAME = ExampleApp;
				PRODUCT_BUNDLE_IDENTIFIER = "com.tozny.E3db-Example";
				PRODUCT_NAME = "$(TARGET_NAME)";
				SWIFT_SWIFT3_OBJC_INFERENCE = Default;
				SWIFT_VERSION = 4.0;
			};
			name = Release;
		};
		607FACF31AFB9204008FA782 /* Debug */ = {
			isa = XCBuildConfiguration;
			baseConfigurationReference = 33B5C8031907EA92607C21D4 /* Pods-E3db_Tests.debug.xcconfig */;
			buildSettings = {
				ALWAYS_EMBED_SWIFT_STANDARD_LIBRARIES = YES;
				CLANG_ENABLE_MODULES = YES;
				DEVELOPMENT_TEAM = 97LZRZ7U3B;
				FRAMEWORK_SEARCH_PATHS = "$(inherited)";
				GCC_PREPROCESSOR_DEFINITIONS = (
					"DEBUG=1",
					"$(inherited)",
				);
				HEADER_SEARCH_PATHS = "";
				INFOPLIST_FILE = Tests/Info.plist;
				IPHONEOS_DEPLOYMENT_TARGET = 9.0;
				LD_RUNPATH_SEARCH_PATHS = "$(inherited) @executable_path/Frameworks @loader_path/Frameworks";
				PRODUCT_BUNDLE_IDENTIFIER = "org.cocoapods.$(PRODUCT_NAME:rfc1034identifier)";
				PRODUCT_NAME = "$(TARGET_NAME)";
				SWIFT_OBJC_BRIDGING_HEADER = "";
				SWIFT_OPTIMIZATION_LEVEL = "-Onone";
				SWIFT_SWIFT3_OBJC_INFERENCE = Default;
				SWIFT_VERSION = 4.0;
				TEST_HOST = "$(BUILT_PRODUCTS_DIR)/E3db_Example.app/E3db_Example";
				USER_HEADER_SEARCH_PATHS = "";
			};
			name = Debug;
		};
		607FACF41AFB9204008FA782 /* Release */ = {
			isa = XCBuildConfiguration;
			baseConfigurationReference = FE0F909F963B98A8C49971F9 /* Pods-E3db_Tests.release.xcconfig */;
			buildSettings = {
				ALWAYS_EMBED_SWIFT_STANDARD_LIBRARIES = YES;
				CLANG_ENABLE_MODULES = YES;
				DEVELOPMENT_TEAM = 97LZRZ7U3B;
				FRAMEWORK_SEARCH_PATHS = "$(inherited)";
				HEADER_SEARCH_PATHS = "";
				INFOPLIST_FILE = Tests/Info.plist;
				IPHONEOS_DEPLOYMENT_TARGET = 9.0;
				LD_RUNPATH_SEARCH_PATHS = "$(inherited) @executable_path/Frameworks @loader_path/Frameworks";
				PRODUCT_BUNDLE_IDENTIFIER = "org.cocoapods.$(PRODUCT_NAME:rfc1034identifier)";
				PRODUCT_NAME = "$(TARGET_NAME)";
				SWIFT_OBJC_BRIDGING_HEADER = "";
				SWIFT_SWIFT3_OBJC_INFERENCE = Default;
				SWIFT_VERSION = 4.0;
				TEST_HOST = "$(BUILT_PRODUCTS_DIR)/E3db_Example.app/E3db_Example";
				USER_HEADER_SEARCH_PATHS = "";
			};
			name = Release;
		};
/* End XCBuildConfiguration section */

/* Begin XCConfigurationList section */
		607FACCB1AFB9204008FA782 /* Build configuration list for PBXProject "E3db-Example" */ = {
			isa = XCConfigurationList;
			buildConfigurations = (
				607FACED1AFB9204008FA782 /* Debug */,
				607FACEE1AFB9204008FA782 /* Release */,
			);
			defaultConfigurationIsVisible = 0;
			defaultConfigurationName = Release;
		};
		607FACEF1AFB9204008FA782 /* Build configuration list for PBXNativeTarget "E3db_Example" */ = {
			isa = XCConfigurationList;
			buildConfigurations = (
				607FACF01AFB9204008FA782 /* Debug */,
				607FACF11AFB9204008FA782 /* Release */,
			);
			defaultConfigurationIsVisible = 0;
			defaultConfigurationName = Release;
		};
		607FACF21AFB9204008FA782 /* Build configuration list for PBXNativeTarget "E3db_Tests" */ = {
			isa = XCConfigurationList;
			buildConfigurations = (
				607FACF31AFB9204008FA782 /* Debug */,
				607FACF41AFB9204008FA782 /* Release */,
			);
			defaultConfigurationIsVisible = 0;
			defaultConfigurationName = Release;
		};
/* End XCConfigurationList section */
	};
	rootObject = 607FACC81AFB9204008FA782 /* Project object */;
}
